// !$*UTF8*$!
{
	archiveVersion = 1;
	classes = {
	};
	objectVersion = 46;
	objects = {

/* Begin PBXBuildFile section */
		46026CFF1EAD9D170088E8D7 /* main.m in Sources */ = {isa = PBXBuildFile; fileRef = 46026CFE1EAD9D170088E8D7 /* main.m */; };
		46026D081EAD9D170088E8D7 /* Main.storyboard in Resources */ = {isa = PBXBuildFile; fileRef = 46026D061EAD9D170088E8D7 /* Main.storyboard */; };
		46026D0B1EAD9D170088E8D7 /* WebIBC.xcdatamodeld in Sources */ = {isa = PBXBuildFile; fileRef = 46026D091EAD9D170088E8D7 /* WebIBC.xcdatamodeld */; };
		46026D0D1EAD9D170088E8D7 /* Assets.xcassets in Resources */ = {isa = PBXBuildFile; fileRef = 46026D0C1EAD9D170088E8D7 /* Assets.xcassets */; };
		46026D101EAD9D170088E8D7 /* LaunchScreen.storyboard in Resources */ = {isa = PBXBuildFile; fileRef = 46026D0E1EAD9D170088E8D7 /* LaunchScreen.storyboard */; };
		46026D1B1EAD9D170088E8D7 /* WebIBCTests.m in Sources */ = {isa = PBXBuildFile; fileRef = 46026D1A1EAD9D170088E8D7 /* WebIBCTests.m */; };
		46026D261EAD9D170088E8D7 /* WebIBCUITests.m in Sources */ = {isa = PBXBuildFile; fileRef = 46026D251EAD9D170088E8D7 /* WebIBCUITests.m */; };
		46026D3A1EADCE130088E8D7 /* WIWebViewController.m in Sources */ = {isa = PBXBuildFile; fileRef = 46026D391EADCE130088E8D7 /* WIWebViewController.m */; };
		46026D3C1EADCEBA0088E8D7 /* test.html in Resources */ = {isa = PBXBuildFile; fileRef = 46026D3B1EADCEBA0088E8D7 /* test.html */; };
		46026D3F1EADD0870088E8D7 /* WIBleViewController.m in Sources */ = {isa = PBXBuildFile; fileRef = 46026D3E1EADD0870088E8D7 /* WIBleViewController.m */; };
		46026D451EAEDC030088E8D7 /* WIHomeViewController.m in Sources */ = {isa = PBXBuildFile; fileRef = 46026D441EAEDC030088E8D7 /* WIHomeViewController.m */; };
		46026F531EAEEA1C0088E8D7 /* WebViewJavascriptBridge.m in Sources */ = {isa = PBXBuildFile; fileRef = 46026F4C1EAEEA1C0088E8D7 /* WebViewJavascriptBridge.m */; };
		46026F541EAEEA1C0088E8D7 /* WebViewJavascriptBridge_JS.m in Sources */ = {isa = PBXBuildFile; fileRef = 46026F4E1EAEEA1C0088E8D7 /* WebViewJavascriptBridge_JS.m */; };
		46026F551EAEEA1C0088E8D7 /* WebViewJavascriptBridgeBase.m in Sources */ = {isa = PBXBuildFile; fileRef = 46026F501EAEEA1C0088E8D7 /* WebViewJavascriptBridgeBase.m */; };
		46026F561EAEEA1C0088E8D7 /* WKWebViewJavascriptBridge.m in Sources */ = {isa = PBXBuildFile; fileRef = 46026F521EAEEA1C0088E8D7 /* WKWebViewJavascriptBridge.m */; };
		46026F721EAEEA3B0088E8D7 /* Info.plist in Resources */ = {isa = PBXBuildFile; fileRef = 46026F581EAEEA3B0088E8D7 /* Info.plist */; };
		46026F731EAEEA3B0088E8D7 /* MASCompositeConstraint.m in Sources */ = {isa = PBXBuildFile; fileRef = 46026F5A1EAEEA3B0088E8D7 /* MASCompositeConstraint.m */; };
		46026F741EAEEA3B0088E8D7 /* MASConstraint.m in Sources */ = {isa = PBXBuildFile; fileRef = 46026F5D1EAEEA3B0088E8D7 /* MASConstraint.m */; };
		46026F751EAEEA3B0088E8D7 /* MASConstraintMaker.m in Sources */ = {isa = PBXBuildFile; fileRef = 46026F5F1EAEEA3B0088E8D7 /* MASConstraintMaker.m */; };
		46026F761EAEEA3B0088E8D7 /* MASLayoutConstraint.m in Sources */ = {isa = PBXBuildFile; fileRef = 46026F611EAEEA3B0088E8D7 /* MASLayoutConstraint.m */; };
		46026F771EAEEA3B0088E8D7 /* MASViewAttribute.m in Sources */ = {isa = PBXBuildFile; fileRef = 46026F651EAEEA3B0088E8D7 /* MASViewAttribute.m */; };
		46026F781EAEEA3B0088E8D7 /* MASViewConstraint.m in Sources */ = {isa = PBXBuildFile; fileRef = 46026F671EAEEA3B0088E8D7 /* MASViewConstraint.m */; };
		46026F791EAEEA3B0088E8D7 /* NSArray+MASAdditions.m in Sources */ = {isa = PBXBuildFile; fileRef = 46026F691EAEEA3B0088E8D7 /* NSArray+MASAdditions.m */; };
		46026F7A1EAEEA3B0088E8D7 /* NSLayoutConstraint+MASDebugAdditions.m in Sources */ = {isa = PBXBuildFile; fileRef = 46026F6C1EAEEA3B0088E8D7 /* NSLayoutConstraint+MASDebugAdditions.m */; };
		46026F7B1EAEEA3B0088E8D7 /* View+MASAdditions.m in Sources */ = {isa = PBXBuildFile; fileRef = 46026F6E1EAEEA3B0088E8D7 /* View+MASAdditions.m */; };
		46026F7C1EAEEA3B0088E8D7 /* ViewController+MASAdditions.m in Sources */ = {isa = PBXBuildFile; fileRef = 46026F711EAEEA3B0088E8D7 /* ViewController+MASAdditions.m */; };
		46026F811EAEFC560088E8D7 /* AppDelegate.m in Sources */ = {isa = PBXBuildFile; fileRef = 46026F7E1EAEFC560088E8D7 /* AppDelegate.m */; };
		46026F821EAEFC560088E8D7 /* ViewController.m in Sources */ = {isa = PBXBuildFile; fileRef = 46026F801EAEFC560088E8D7 /* ViewController.m */; };
		46026FB21EAF370F0088E8D7 /* BabyBluetooth.m in Sources */ = {isa = PBXBuildFile; fileRef = 46026FA11EAF370F0088E8D7 /* BabyBluetooth.m */; };
		46026FB31EAF370F0088E8D7 /* BabyCallback.m in Sources */ = {isa = PBXBuildFile; fileRef = 46026FA31EAF370F0088E8D7 /* BabyCallback.m */; };
		46026FB41EAF370F0088E8D7 /* BabyCentralManager.m in Sources */ = {isa = PBXBuildFile; fileRef = 46026FA51EAF370F0088E8D7 /* BabyCentralManager.m */; };
		46026FB51EAF370F0088E8D7 /* BabyDefine.m in Sources */ = {isa = PBXBuildFile; fileRef = 46026FA71EAF370F0088E8D7 /* BabyDefine.m */; };
		46026FB61EAF370F0088E8D7 /* BabyOptions.m in Sources */ = {isa = PBXBuildFile; fileRef = 46026FA91EAF370F0088E8D7 /* BabyOptions.m */; };
		46026FB71EAF370F0088E8D7 /* BabyPeripheralManager.m in Sources */ = {isa = PBXBuildFile; fileRef = 46026FAB1EAF370F0088E8D7 /* BabyPeripheralManager.m */; };
		46026FB81EAF370F0088E8D7 /* BabyRhythm.m in Sources */ = {isa = PBXBuildFile; fileRef = 46026FAD1EAF370F0088E8D7 /* BabyRhythm.m */; };
		46026FB91EAF370F0088E8D7 /* BabySpeaker.m in Sources */ = {isa = PBXBuildFile; fileRef = 46026FAF1EAF370F0088E8D7 /* BabySpeaker.m */; };
		46026FBA1EAF370F0088E8D7 /* BabyToy.m in Sources */ = {isa = PBXBuildFile; fileRef = 46026FB11EAF370F0088E8D7 /* BabyToy.m */; };
/* End PBXBuildFile section */

/* Begin PBXContainerItemProxy section */
		46026D171EAD9D170088E8D7 /* PBXContainerItemProxy */ = {
			isa = PBXContainerItemProxy;
			containerPortal = 46026CF21EAD9D170088E8D7 /* Project object */;
			proxyType = 1;
			remoteGlobalIDString = 46026CF91EAD9D170088E8D7;
			remoteInfo = WebIBC;
		};
		46026D221EAD9D170088E8D7 /* PBXContainerItemProxy */ = {
			isa = PBXContainerItemProxy;
			containerPortal = 46026CF21EAD9D170088E8D7 /* Project object */;
			proxyType = 1;
			remoteGlobalIDString = 46026CF91EAD9D170088E8D7;
			remoteInfo = WebIBC;
		};
/* End PBXContainerItemProxy section */

/* Begin PBXFileReference section */
		46026CFA1EAD9D170088E8D7 /* WebIBC.app */ = {isa = PBXFileReference; explicitFileType = wrapper.application; includeInIndex = 0; path = WebIBC.app; sourceTree = BUILT_PRODUCTS_DIR; };
		46026CFE1EAD9D170088E8D7 /* main.m */ = {isa = PBXFileReference; lastKnownFileType = sourcecode.c.objc; path = main.m; sourceTree = "<group>"; };
		46026D071EAD9D170088E8D7 /* Base */ = {isa = PBXFileReference; lastKnownFileType = file.storyboard; name = Base; path = Base.lproj/Main.storyboard; sourceTree = "<group>"; };
		46026D0A1EAD9D170088E8D7 /* WebIBC.xcdatamodel */ = {isa = PBXFileReference; lastKnownFileType = wrapper.xcdatamodel; path = WebIBC.xcdatamodel; sourceTree = "<group>"; };
		46026D0C1EAD9D170088E8D7 /* Assets.xcassets */ = {isa = PBXFileReference; lastKnownFileType = folder.assetcatalog; path = Assets.xcassets; sourceTree = "<group>"; };
		46026D0F1EAD9D170088E8D7 /* Base */ = {isa = PBXFileReference; lastKnownFileType = file.storyboard; name = Base; path = Base.lproj/LaunchScreen.storyboard; sourceTree = "<group>"; };
		46026D111EAD9D170088E8D7 /* Info.plist */ = {isa = PBXFileReference; lastKnownFileType = text.plist.xml; path = Info.plist; sourceTree = "<group>"; };
		46026D161EAD9D170088E8D7 /* WebIBCTests.xctest */ = {isa = PBXFileReference; explicitFileType = wrapper.cfbundle; includeInIndex = 0; path = WebIBCTests.xctest; sourceTree = BUILT_PRODUCTS_DIR; };
		46026D1A1EAD9D170088E8D7 /* WebIBCTests.m */ = {isa = PBXFileReference; lastKnownFileType = sourcecode.c.objc; path = WebIBCTests.m; sourceTree = "<group>"; };
		46026D1C1EAD9D170088E8D7 /* Info.plist */ = {isa = PBXFileReference; lastKnownFileType = text.plist.xml; path = Info.plist; sourceTree = "<group>"; };
		46026D211EAD9D170088E8D7 /* WebIBCUITests.xctest */ = {isa = PBXFileReference; explicitFileType = wrapper.cfbundle; includeInIndex = 0; path = WebIBCUITests.xctest; sourceTree = BUILT_PRODUCTS_DIR; };
		46026D251EAD9D170088E8D7 /* WebIBCUITests.m */ = {isa = PBXFileReference; lastKnownFileType = sourcecode.c.objc; path = WebIBCUITests.m; sourceTree = "<group>"; };
		46026D271EAD9D170088E8D7 /* Info.plist */ = {isa = PBXFileReference; lastKnownFileType = text.plist.xml; path = Info.plist; sourceTree = "<group>"; };
		46026D371EADCC000088E8D7 /* PrefixHeader.pch */ = {isa = PBXFileReference; fileEncoding = 4; lastKnownFileType = sourcecode.c.h; path = PrefixHeader.pch; sourceTree = "<group>"; };
		46026D381EADCE130088E8D7 /* WIWebViewController.h */ = {isa = PBXFileReference; fileEncoding = 4; lastKnownFileType = sourcecode.c.h; path = WIWebViewController.h; sourceTree = "<group>"; };
		46026D391EADCE130088E8D7 /* WIWebViewController.m */ = {isa = PBXFileReference; fileEncoding = 4; lastKnownFileType = sourcecode.c.objc; path = WIWebViewController.m; sourceTree = "<group>"; };
		46026D3B1EADCEBA0088E8D7 /* test.html */ = {isa = PBXFileReference; fileEncoding = 4; lastKnownFileType = text.html; path = test.html; sourceTree = "<group>"; };
		46026D3D1EADD0870088E8D7 /* WIBleViewController.h */ = {isa = PBXFileReference; fileEncoding = 4; lastKnownFileType = sourcecode.c.h; path = WIBleViewController.h; sourceTree = "<group>"; };
		46026D3E1EADD0870088E8D7 /* WIBleViewController.m */ = {isa = PBXFileReference; fileEncoding = 4; lastKnownFileType = sourcecode.c.objc; path = WIBleViewController.m; sourceTree = "<group>"; };
		46026D431EAEDC030088E8D7 /* WIHomeViewController.h */ = {isa = PBXFileReference; fileEncoding = 4; lastKnownFileType = sourcecode.c.h; path = WIHomeViewController.h; sourceTree = "<group>"; };
		46026D441EAEDC030088E8D7 /* WIHomeViewController.m */ = {isa = PBXFileReference; fileEncoding = 4; lastKnownFileType = sourcecode.c.objc; path = WIHomeViewController.m; sourceTree = "<group>"; };
		46026F4B1EAEEA1C0088E8D7 /* WebViewJavascriptBridge.h */ = {isa = PBXFileReference; fileEncoding = 4; lastKnownFileType = sourcecode.c.h; path = WebViewJavascriptBridge.h; sourceTree = "<group>"; };
		46026F4C1EAEEA1C0088E8D7 /* WebViewJavascriptBridge.m */ = {isa = PBXFileReference; fileEncoding = 4; lastKnownFileType = sourcecode.c.objc; path = WebViewJavascriptBridge.m; sourceTree = "<group>"; };
		46026F4D1EAEEA1C0088E8D7 /* WebViewJavascriptBridge_JS.h */ = {isa = PBXFileReference; fileEncoding = 4; lastKnownFileType = sourcecode.c.h; path = WebViewJavascriptBridge_JS.h; sourceTree = "<group>"; };
		46026F4E1EAEEA1C0088E8D7 /* WebViewJavascriptBridge_JS.m */ = {isa = PBXFileReference; fileEncoding = 4; lastKnownFileType = sourcecode.c.objc; path = WebViewJavascriptBridge_JS.m; sourceTree = "<group>"; };
		46026F4F1EAEEA1C0088E8D7 /* WebViewJavascriptBridgeBase.h */ = {isa = PBXFileReference; fileEncoding = 4; lastKnownFileType = sourcecode.c.h; path = WebViewJavascriptBridgeBase.h; sourceTree = "<group>"; };
		46026F501EAEEA1C0088E8D7 /* WebViewJavascriptBridgeBase.m */ = {isa = PBXFileReference; fileEncoding = 4; lastKnownFileType = sourcecode.c.objc; path = WebViewJavascriptBridgeBase.m; sourceTree = "<group>"; };
		46026F511EAEEA1C0088E8D7 /* WKWebViewJavascriptBridge.h */ = {isa = PBXFileReference; fileEncoding = 4; lastKnownFileType = sourcecode.c.h; path = WKWebViewJavascriptBridge.h; sourceTree = "<group>"; };
		46026F521EAEEA1C0088E8D7 /* WKWebViewJavascriptBridge.m */ = {isa = PBXFileReference; fileEncoding = 4; lastKnownFileType = sourcecode.c.objc; path = WKWebViewJavascriptBridge.m; sourceTree = "<group>"; };
		46026F581EAEEA3B0088E8D7 /* Info.plist */ = {isa = PBXFileReference; fileEncoding = 4; lastKnownFileType = text.plist.xml; path = Info.plist; sourceTree = "<group>"; };
		46026F591EAEEA3B0088E8D7 /* MASCompositeConstraint.h */ = {isa = PBXFileReference; fileEncoding = 4; lastKnownFileType = sourcecode.c.h; path = MASCompositeConstraint.h; sourceTree = "<group>"; };
		46026F5A1EAEEA3B0088E8D7 /* MASCompositeConstraint.m */ = {isa = PBXFileReference; fileEncoding = 4; lastKnownFileType = sourcecode.c.objc; path = MASCompositeConstraint.m; sourceTree = "<group>"; };
		46026F5B1EAEEA3B0088E8D7 /* MASConstraint+Private.h */ = {isa = PBXFileReference; fileEncoding = 4; lastKnownFileType = sourcecode.c.h; path = "MASConstraint+Private.h"; sourceTree = "<group>"; };
		46026F5C1EAEEA3B0088E8D7 /* MASConstraint.h */ = {isa = PBXFileReference; fileEncoding = 4; lastKnownFileType = sourcecode.c.h; path = MASConstraint.h; sourceTree = "<group>"; };
		46026F5D1EAEEA3B0088E8D7 /* MASConstraint.m */ = {isa = PBXFileReference; fileEncoding = 4; lastKnownFileType = sourcecode.c.objc; path = MASConstraint.m; sourceTree = "<group>"; };
		46026F5E1EAEEA3B0088E8D7 /* MASConstraintMaker.h */ = {isa = PBXFileReference; fileEncoding = 4; lastKnownFileType = sourcecode.c.h; path = MASConstraintMaker.h; sourceTree = "<group>"; };
		46026F5F1EAEEA3B0088E8D7 /* MASConstraintMaker.m */ = {isa = PBXFileReference; fileEncoding = 4; lastKnownFileType = sourcecode.c.objc; path = MASConstraintMaker.m; sourceTree = "<group>"; };
		46026F601EAEEA3B0088E8D7 /* MASLayoutConstraint.h */ = {isa = PBXFileReference; fileEncoding = 4; lastKnownFileType = sourcecode.c.h; path = MASLayoutConstraint.h; sourceTree = "<group>"; };
		46026F611EAEEA3B0088E8D7 /* MASLayoutConstraint.m */ = {isa = PBXFileReference; fileEncoding = 4; lastKnownFileType = sourcecode.c.objc; path = MASLayoutConstraint.m; sourceTree = "<group>"; };
		46026F621EAEEA3B0088E8D7 /* Masonry.h */ = {isa = PBXFileReference; fileEncoding = 4; lastKnownFileType = sourcecode.c.h; path = Masonry.h; sourceTree = "<group>"; };
		46026F631EAEEA3B0088E8D7 /* MASUtilities.h */ = {isa = PBXFileReference; fileEncoding = 4; lastKnownFileType = sourcecode.c.h; path = MASUtilities.h; sourceTree = "<group>"; };
		46026F641EAEEA3B0088E8D7 /* MASViewAttribute.h */ = {isa = PBXFileReference; fileEncoding = 4; lastKnownFileType = sourcecode.c.h; path = MASViewAttribute.h; sourceTree = "<group>"; };
		46026F651EAEEA3B0088E8D7 /* MASViewAttribute.m */ = {isa = PBXFileReference; fileEncoding = 4; lastKnownFileType = sourcecode.c.objc; path = MASViewAttribute.m; sourceTree = "<group>"; };
		46026F661EAEEA3B0088E8D7 /* MASViewConstraint.h */ = {isa = PBXFileReference; fileEncoding = 4; lastKnownFileType = sourcecode.c.h; path = MASViewConstraint.h; sourceTree = "<group>"; };
		46026F671EAEEA3B0088E8D7 /* MASViewConstraint.m */ = {isa = PBXFileReference; fileEncoding = 4; lastKnownFileType = sourcecode.c.objc; path = MASViewConstraint.m; sourceTree = "<group>"; };
		46026F681EAEEA3B0088E8D7 /* NSArray+MASAdditions.h */ = {isa = PBXFileReference; fileEncoding = 4; lastKnownFileType = sourcecode.c.h; path = "NSArray+MASAdditions.h"; sourceTree = "<group>"; };
		46026F691EAEEA3B0088E8D7 /* NSArray+MASAdditions.m */ = {isa = PBXFileReference; fileEncoding = 4; lastKnownFileType = sourcecode.c.objc; path = "NSArray+MASAdditions.m"; sourceTree = "<group>"; };
		46026F6A1EAEEA3B0088E8D7 /* NSArray+MASShorthandAdditions.h */ = {isa = PBXFileReference; fileEncoding = 4; lastKnownFileType = sourcecode.c.h; path = "NSArray+MASShorthandAdditions.h"; sourceTree = "<group>"; };
		46026F6B1EAEEA3B0088E8D7 /* NSLayoutConstraint+MASDebugAdditions.h */ = {isa = PBXFileReference; fileEncoding = 4; lastKnownFileType = sourcecode.c.h; path = "NSLayoutConstraint+MASDebugAdditions.h"; sourceTree = "<group>"; };
		46026F6C1EAEEA3B0088E8D7 /* NSLayoutConstraint+MASDebugAdditions.m */ = {isa = PBXFileReference; fileEncoding = 4; lastKnownFileType = sourcecode.c.objc; path = "NSLayoutConstraint+MASDebugAdditions.m"; sourceTree = "<group>"; };
		46026F6D1EAEEA3B0088E8D7 /* View+MASAdditions.h */ = {isa = PBXFileReference; fileEncoding = 4; lastKnownFileType = sourcecode.c.h; path = "View+MASAdditions.h"; sourceTree = "<group>"; };
		46026F6E1EAEEA3B0088E8D7 /* View+MASAdditions.m */ = {isa = PBXFileReference; fileEncoding = 4; lastKnownFileType = sourcecode.c.objc; path = "View+MASAdditions.m"; sourceTree = "<group>"; };
		46026F6F1EAEEA3B0088E8D7 /* View+MASShorthandAdditions.h */ = {isa = PBXFileReference; fileEncoding = 4; lastKnownFileType = sourcecode.c.h; path = "View+MASShorthandAdditions.h"; sourceTree = "<group>"; };
		46026F701EAEEA3B0088E8D7 /* ViewController+MASAdditions.h */ = {isa = PBXFileReference; fileEncoding = 4; lastKnownFileType = sourcecode.c.h; path = "ViewController+MASAdditions.h"; sourceTree = "<group>"; };
		46026F711EAEEA3B0088E8D7 /* ViewController+MASAdditions.m */ = {isa = PBXFileReference; fileEncoding = 4; lastKnownFileType = sourcecode.c.objc; path = "ViewController+MASAdditions.m"; sourceTree = "<group>"; };
		46026F7D1EAEFC560088E8D7 /* AppDelegate.h */ = {isa = PBXFileReference; fileEncoding = 4; lastKnownFileType = sourcecode.c.h; name = AppDelegate.h; path = WebIBC/AppDelegate.h; sourceTree = SOURCE_ROOT; };
		46026F7E1EAEFC560088E8D7 /* AppDelegate.m */ = {isa = PBXFileReference; fileEncoding = 4; lastKnownFileType = sourcecode.c.objc; name = AppDelegate.m; path = WebIBC/AppDelegate.m; sourceTree = SOURCE_ROOT; };
		46026F7F1EAEFC560088E8D7 /* ViewController.h */ = {isa = PBXFileReference; fileEncoding = 4; lastKnownFileType = sourcecode.c.h; name = ViewController.h; path = WebIBC/ViewController.h; sourceTree = SOURCE_ROOT; };
		46026F801EAEFC560088E8D7 /* ViewController.m */ = {isa = PBXFileReference; fileEncoding = 4; lastKnownFileType = sourcecode.c.objc; name = ViewController.m; path = WebIBC/ViewController.m; sourceTree = SOURCE_ROOT; };
		46026FA01EAF370F0088E8D7 /* BabyBluetooth.h */ = {isa = PBXFileReference; fileEncoding = 4; lastKnownFileType = sourcecode.c.h; path = BabyBluetooth.h; sourceTree = "<group>"; };
		46026FA11EAF370F0088E8D7 /* BabyBluetooth.m */ = {isa = PBXFileReference; fileEncoding = 4; lastKnownFileType = sourcecode.c.objc; path = BabyBluetooth.m; sourceTree = "<group>"; };
		46026FA21EAF370F0088E8D7 /* BabyCallback.h */ = {isa = PBXFileReference; fileEncoding = 4; lastKnownFileType = sourcecode.c.h; path = BabyCallback.h; sourceTree = "<group>"; };
		46026FA31EAF370F0088E8D7 /* BabyCallback.m */ = {isa = PBXFileReference; fileEncoding = 4; lastKnownFileType = sourcecode.c.objc; path = BabyCallback.m; sourceTree = "<group>"; };
		46026FA41EAF370F0088E8D7 /* BabyCentralManager.h */ = {isa = PBXFileReference; fileEncoding = 4; lastKnownFileType = sourcecode.c.h; path = BabyCentralManager.h; sourceTree = "<group>"; };
		46026FA51EAF370F0088E8D7 /* BabyCentralManager.m */ = {isa = PBXFileReference; fileEncoding = 4; lastKnownFileType = sourcecode.c.objc; path = BabyCentralManager.m; sourceTree = "<group>"; };
		46026FA61EAF370F0088E8D7 /* BabyDefine.h */ = {isa = PBXFileReference; fileEncoding = 4; lastKnownFileType = sourcecode.c.h; path = BabyDefine.h; sourceTree = "<group>"; };
		46026FA71EAF370F0088E8D7 /* BabyDefine.m */ = {isa = PBXFileReference; fileEncoding = 4; lastKnownFileType = sourcecode.c.objc; path = BabyDefine.m; sourceTree = "<group>"; };
		46026FA81EAF370F0088E8D7 /* BabyOptions.h */ = {isa = PBXFileReference; fileEncoding = 4; lastKnownFileType = sourcecode.c.h; path = BabyOptions.h; sourceTree = "<group>"; };
		46026FA91EAF370F0088E8D7 /* BabyOptions.m */ = {isa = PBXFileReference; fileEncoding = 4; lastKnownFileType = sourcecode.c.objc; path = BabyOptions.m; sourceTree = "<group>"; };
		46026FAA1EAF370F0088E8D7 /* BabyPeripheralManager.h */ = {isa = PBXFileReference; fileEncoding = 4; lastKnownFileType = sourcecode.c.h; path = BabyPeripheralManager.h; sourceTree = "<group>"; };
		46026FAB1EAF370F0088E8D7 /* BabyPeripheralManager.m */ = {isa = PBXFileReference; fileEncoding = 4; lastKnownFileType = sourcecode.c.objc; path = BabyPeripheralManager.m; sourceTree = "<group>"; };
		46026FAC1EAF370F0088E8D7 /* BabyRhythm.h */ = {isa = PBXFileReference; fileEncoding = 4; lastKnownFileType = sourcecode.c.h; path = BabyRhythm.h; sourceTree = "<group>"; };
		46026FAD1EAF370F0088E8D7 /* BabyRhythm.m */ = {isa = PBXFileReference; fileEncoding = 4; lastKnownFileType = sourcecode.c.objc; path = BabyRhythm.m; sourceTree = "<group>"; };
		46026FAE1EAF370F0088E8D7 /* BabySpeaker.h */ = {isa = PBXFileReference; fileEncoding = 4; lastKnownFileType = sourcecode.c.h; path = BabySpeaker.h; sourceTree = "<group>"; };
		46026FAF1EAF370F0088E8D7 /* BabySpeaker.m */ = {isa = PBXFileReference; fileEncoding = 4; lastKnownFileType = sourcecode.c.objc; path = BabySpeaker.m; sourceTree = "<group>"; };
		46026FB01EAF370F0088E8D7 /* BabyToy.h */ = {isa = PBXFileReference; fileEncoding = 4; lastKnownFileType = sourcecode.c.h; path = BabyToy.h; sourceTree = "<group>"; };
		46026FB11EAF370F0088E8D7 /* BabyToy.m */ = {isa = PBXFileReference; fileEncoding = 4; lastKnownFileType = sourcecode.c.objc; path = BabyToy.m; sourceTree = "<group>"; };
/* End PBXFileReference section */

/* Begin PBXFrameworksBuildPhase section */
		46026CF71EAD9D170088E8D7 /* Frameworks */ = {
			isa = PBXFrameworksBuildPhase;
			buildActionMask = 2147483647;
			files = (
			);
			runOnlyForDeploymentPostprocessing = 0;
		};
		46026D131EAD9D170088E8D7 /* Frameworks */ = {
			isa = PBXFrameworksBuildPhase;
			buildActionMask = 2147483647;
			files = (
			);
			runOnlyForDeploymentPostprocessing = 0;
		};
		46026D1E1EAD9D170088E8D7 /* Frameworks */ = {
			isa = PBXFrameworksBuildPhase;
			buildActionMask = 2147483647;
			files = (
			);
			runOnlyForDeploymentPostprocessing = 0;
		};
/* End PBXFrameworksBuildPhase section */

/* Begin PBXGroup section */
		46026CF11EAD9D170088E8D7 = {
			isa = PBXGroup;
			children = (
				46026CFC1EAD9D170088E8D7 /* WebIBC */,
				46026D191EAD9D170088E8D7 /* WebIBCTests */,
				46026D241EAD9D170088E8D7 /* WebIBCUITests */,
				46026CFB1EAD9D170088E8D7 /* Products */,
				BCD2503BB0DF356EA15B997F /* Pods */,
				7E31F7119DB658A502801891 /* Frameworks */,
			);
			sourceTree = "<group>";
		};
		46026CFB1EAD9D170088E8D7 /* Products */ = {
			isa = PBXGroup;
			children = (
				46026CFA1EAD9D170088E8D7 /* WebIBC.app */,
				46026D161EAD9D170088E8D7 /* WebIBCTests.xctest */,
				46026D211EAD9D170088E8D7 /* WebIBCUITests.xctest */,
			);
			name = Products;
			sourceTree = "<group>";
		};
		46026CFC1EAD9D170088E8D7 /* WebIBC */ = {
			isa = PBXGroup;
			children = (
				46026D361EADCB6F0088E8D7 /* Main */,
				46026D331EADCB580088E8D7 /* Controller */,
				46026D341EADCB580088E8D7 /* View */,
				46026D351EADCB580088E8D7 /* Model */,
				46026CFD1EAD9D170088E8D7 /* Supporting Files */,
			);
			path = WebIBC;
			sourceTree = "<group>";
		};
		46026CFD1EAD9D170088E8D7 /* Supporting Files */ = {
			isa = PBXGroup;
			children = (
				46026F9F1EAF370F0088E8D7 /* BabyBluetooth */,
				46026F571EAEEA3B0088E8D7 /* Masonry */,
				46026F4A1EAEEA1C0088E8D7 /* WebViewJavascriptBridge */,
				46026D3B1EADCEBA0088E8D7 /* test.html */,
				46026D061EAD9D170088E8D7 /* Main.storyboard */,
				46026D0C1EAD9D170088E8D7 /* Assets.xcassets */,
				46026D0E1EAD9D170088E8D7 /* LaunchScreen.storyboard */,
				46026D111EAD9D170088E8D7 /* Info.plist */,
				46026D091EAD9D170088E8D7 /* WebIBC.xcdatamodeld */,
				46026CFE1EAD9D170088E8D7 /* main.m */,
				46026D371EADCC000088E8D7 /* PrefixHeader.pch */,
			);
			name = "Supporting Files";
			sourceTree = "<group>";
		};
		46026D191EAD9D170088E8D7 /* WebIBCTests */ = {
			isa = PBXGroup;
			children = (
				46026D1A1EAD9D170088E8D7 /* WebIBCTests.m */,
				46026D1C1EAD9D170088E8D7 /* Info.plist */,
			);
			path = WebIBCTests;
			sourceTree = "<group>";
		};
		46026D241EAD9D170088E8D7 /* WebIBCUITests */ = {
			isa = PBXGroup;
			children = (
				46026D251EAD9D170088E8D7 /* WebIBCUITests.m */,
				46026D271EAD9D170088E8D7 /* Info.plist */,
			);
			path = WebIBCUITests;
			sourceTree = "<group>";
		};
		46026D331EADCB580088E8D7 /* Controller */ = {
			isa = PBXGroup;
			children = (
				46026D381EADCE130088E8D7 /* WIWebViewController.h */,
				46026D391EADCE130088E8D7 /* WIWebViewController.m */,
				46026D3D1EADD0870088E8D7 /* WIBleViewController.h */,
				46026D3E1EADD0870088E8D7 /* WIBleViewController.m */,
				46026D431EAEDC030088E8D7 /* WIHomeViewController.h */,
				46026D441EAEDC030088E8D7 /* WIHomeViewController.m */,
			);
			path = Controller;
			sourceTree = "<group>";
		};
		46026D341EADCB580088E8D7 /* View */ = {
			isa = PBXGroup;
			children = (
			);
			path = View;
			sourceTree = "<group>";
		};
		46026D351EADCB580088E8D7 /* Model */ = {
			isa = PBXGroup;
			children = (
			);
			path = Model;
			sourceTree = "<group>";
		};
		46026D361EADCB6F0088E8D7 /* Main */ = {
			isa = PBXGroup;
			children = (
				46026F7D1EAEFC560088E8D7 /* AppDelegate.h */,
				46026F7E1EAEFC560088E8D7 /* AppDelegate.m */,
				46026F7F1EAEFC560088E8D7 /* ViewController.h */,
				46026F801EAEFC560088E8D7 /* ViewController.m */,
			);
			path = Main;
			sourceTree = "<group>";
		};
		46026F4A1EAEEA1C0088E8D7 /* WebViewJavascriptBridge */ = {
			isa = PBXGroup;
			children = (
				46026F4B1EAEEA1C0088E8D7 /* WebViewJavascriptBridge.h */,
				46026F4C1EAEEA1C0088E8D7 /* WebViewJavascriptBridge.m */,
				46026F4D1EAEEA1C0088E8D7 /* WebViewJavascriptBridge_JS.h */,
				46026F4E1EAEEA1C0088E8D7 /* WebViewJavascriptBridge_JS.m */,
				46026F4F1EAEEA1C0088E8D7 /* WebViewJavascriptBridgeBase.h */,
				46026F501EAEEA1C0088E8D7 /* WebViewJavascriptBridgeBase.m */,
				46026F511EAEEA1C0088E8D7 /* WKWebViewJavascriptBridge.h */,
				46026F521EAEEA1C0088E8D7 /* WKWebViewJavascriptBridge.m */,
			);
			path = WebViewJavascriptBridge;
			sourceTree = "<group>";
		};
		46026F571EAEEA3B0088E8D7 /* Masonry */ = {
			isa = PBXGroup;
			children = (
				46026F581EAEEA3B0088E8D7 /* Info.plist */,
				46026F591EAEEA3B0088E8D7 /* MASCompositeConstraint.h */,
				46026F5A1EAEEA3B0088E8D7 /* MASCompositeConstraint.m */,
				46026F5B1EAEEA3B0088E8D7 /* MASConstraint+Private.h */,
				46026F5C1EAEEA3B0088E8D7 /* MASConstraint.h */,
				46026F5D1EAEEA3B0088E8D7 /* MASConstraint.m */,
				46026F5E1EAEEA3B0088E8D7 /* MASConstraintMaker.h */,
				46026F5F1EAEEA3B0088E8D7 /* MASConstraintMaker.m */,
				46026F601EAEEA3B0088E8D7 /* MASLayoutConstraint.h */,
				46026F611EAEEA3B0088E8D7 /* MASLayoutConstraint.m */,
				46026F621EAEEA3B0088E8D7 /* Masonry.h */,
				46026F631EAEEA3B0088E8D7 /* MASUtilities.h */,
				46026F641EAEEA3B0088E8D7 /* MASViewAttribute.h */,
				46026F651EAEEA3B0088E8D7 /* MASViewAttribute.m */,
				46026F661EAEEA3B0088E8D7 /* MASViewConstraint.h */,
				46026F671EAEEA3B0088E8D7 /* MASViewConstraint.m */,
				46026F681EAEEA3B0088E8D7 /* NSArray+MASAdditions.h */,
				46026F691EAEEA3B0088E8D7 /* NSArray+MASAdditions.m */,
				46026F6A1EAEEA3B0088E8D7 /* NSArray+MASShorthandAdditions.h */,
				46026F6B1EAEEA3B0088E8D7 /* NSLayoutConstraint+MASDebugAdditions.h */,
				46026F6C1EAEEA3B0088E8D7 /* NSLayoutConstraint+MASDebugAdditions.m */,
				46026F6D1EAEEA3B0088E8D7 /* View+MASAdditions.h */,
				46026F6E1EAEEA3B0088E8D7 /* View+MASAdditions.m */,
				46026F6F1EAEEA3B0088E8D7 /* View+MASShorthandAdditions.h */,
				46026F701EAEEA3B0088E8D7 /* ViewController+MASAdditions.h */,
				46026F711EAEEA3B0088E8D7 /* ViewController+MASAdditions.m */,
			);
			path = Masonry;
			sourceTree = "<group>";
		};
		46026F9F1EAF370F0088E8D7 /* BabyBluetooth */ = {
			isa = PBXGroup;
			children = (
				46026FA01EAF370F0088E8D7 /* BabyBluetooth.h */,
				46026FA11EAF370F0088E8D7 /* BabyBluetooth.m */,
				46026FA21EAF370F0088E8D7 /* BabyCallback.h */,
				46026FA31EAF370F0088E8D7 /* BabyCallback.m */,
				46026FA41EAF370F0088E8D7 /* BabyCentralManager.h */,
				46026FA51EAF370F0088E8D7 /* BabyCentralManager.m */,
				46026FA61EAF370F0088E8D7 /* BabyDefine.h */,
				46026FA71EAF370F0088E8D7 /* BabyDefine.m */,
				46026FA81EAF370F0088E8D7 /* BabyOptions.h */,
				46026FA91EAF370F0088E8D7 /* BabyOptions.m */,
				46026FAA1EAF370F0088E8D7 /* BabyPeripheralManager.h */,
				46026FAB1EAF370F0088E8D7 /* BabyPeripheralManager.m */,
				46026FAC1EAF370F0088E8D7 /* BabyRhythm.h */,
				46026FAD1EAF370F0088E8D7 /* BabyRhythm.m */,
				46026FAE1EAF370F0088E8D7 /* BabySpeaker.h */,
				46026FAF1EAF370F0088E8D7 /* BabySpeaker.m */,
				46026FB01EAF370F0088E8D7 /* BabyToy.h */,
				46026FB11EAF370F0088E8D7 /* BabyToy.m */,
			);
			path = BabyBluetooth;
			sourceTree = "<group>";
		};
		7E31F7119DB658A502801891 /* Frameworks */ = {
			isa = PBXGroup;
			children = (
			);
			name = Frameworks;
			sourceTree = "<group>";
		};
		BCD2503BB0DF356EA15B997F /* Pods */ = {
			isa = PBXGroup;
			children = (
			);
			name = Pods;
			sourceTree = "<group>";
		};
/* End PBXGroup section */

/* Begin PBXNativeTarget section */
		46026CF91EAD9D170088E8D7 /* WebIBC */ = {
			isa = PBXNativeTarget;
			buildConfigurationList = 46026D2A1EAD9D170088E8D7 /* Build configuration list for PBXNativeTarget "WebIBC" */;
			buildPhases = (
				46026CF61EAD9D170088E8D7 /* Sources */,
				46026CF71EAD9D170088E8D7 /* Frameworks */,
				46026CF81EAD9D170088E8D7 /* Resources */,
			);
			buildRules = (
			);
			dependencies = (
			);
			name = WebIBC;
			productName = WebIBC;
			productReference = 46026CFA1EAD9D170088E8D7 /* WebIBC.app */;
			productType = "com.apple.product-type.application";
		};
		46026D151EAD9D170088E8D7 /* WebIBCTests */ = {
			isa = PBXNativeTarget;
			buildConfigurationList = 46026D2D1EAD9D170088E8D7 /* Build configuration list for PBXNativeTarget "WebIBCTests" */;
			buildPhases = (
				46026D121EAD9D170088E8D7 /* Sources */,
				46026D131EAD9D170088E8D7 /* Frameworks */,
				46026D141EAD9D170088E8D7 /* Resources */,
			);
			buildRules = (
			);
			dependencies = (
				46026D181EAD9D170088E8D7 /* PBXTargetDependency */,
			);
			name = WebIBCTests;
			productName = WebIBCTests;
			productReference = 46026D161EAD9D170088E8D7 /* WebIBCTests.xctest */;
			productType = "com.apple.product-type.bundle.unit-test";
		};
		46026D201EAD9D170088E8D7 /* WebIBCUITests */ = {
			isa = PBXNativeTarget;
			buildConfigurationList = 46026D301EAD9D170088E8D7 /* Build configuration list for PBXNativeTarget "WebIBCUITests" */;
			buildPhases = (
				46026D1D1EAD9D170088E8D7 /* Sources */,
				46026D1E1EAD9D170088E8D7 /* Frameworks */,
				46026D1F1EAD9D170088E8D7 /* Resources */,
			);
			buildRules = (
			);
			dependencies = (
				46026D231EAD9D170088E8D7 /* PBXTargetDependency */,
			);
			name = WebIBCUITests;
			productName = WebIBCUITests;
			productReference = 46026D211EAD9D170088E8D7 /* WebIBCUITests.xctest */;
			productType = "com.apple.product-type.bundle.ui-testing";
		};
/* End PBXNativeTarget section */

/* Begin PBXProject section */
		46026CF21EAD9D170088E8D7 /* Project object */ = {
			isa = PBXProject;
			attributes = {
				LastUpgradeCheck = 0830;
				ORGANIZATIONNAME = WEB;
				TargetAttributes = {
					46026CF91EAD9D170088E8D7 = {
						CreatedOnToolsVersion = 8.3;
						DevelopmentTeam = WAY9P6XCG2;
						ProvisioningStyle = Automatic;
					};
					46026D151EAD9D170088E8D7 = {
						CreatedOnToolsVersion = 8.3;
						ProvisioningStyle = Automatic;
						TestTargetID = 46026CF91EAD9D170088E8D7;
					};
					46026D201EAD9D170088E8D7 = {
						CreatedOnToolsVersion = 8.3;
						ProvisioningStyle = Automatic;
						TestTargetID = 46026CF91EAD9D170088E8D7;
					};
				};
			};
			buildConfigurationList = 46026CF51EAD9D170088E8D7 /* Build configuration list for PBXProject "WebIBC" */;
			compatibilityVersion = "Xcode 3.2";
			developmentRegion = English;
			hasScannedForEncodings = 0;
			knownRegions = (
				en,
				Base,
			);
			mainGroup = 46026CF11EAD9D170088E8D7;
			productRefGroup = 46026CFB1EAD9D170088E8D7 /* Products */;
			projectDirPath = "";
			projectRoot = "";
			targets = (
				46026CF91EAD9D170088E8D7 /* WebIBC */,
				46026D151EAD9D170088E8D7 /* WebIBCTests */,
				46026D201EAD9D170088E8D7 /* WebIBCUITests */,
			);
		};
/* End PBXProject section */

/* Begin PBXResourcesBuildPhase section */
		46026CF81EAD9D170088E8D7 /* Resources */ = {
			isa = PBXResourcesBuildPhase;
			buildActionMask = 2147483647;
			files = (
				46026D3C1EADCEBA0088E8D7 /* test.html in Resources */,
				46026D101EAD9D170088E8D7 /* LaunchScreen.storyboard in Resources */,
				46026D0D1EAD9D170088E8D7 /* Assets.xcassets in Resources */,
				46026F721EAEEA3B0088E8D7 /* Info.plist in Resources */,
				46026D081EAD9D170088E8D7 /* Main.storyboard in Resources */,
			);
			runOnlyForDeploymentPostprocessing = 0;
		};
		46026D141EAD9D170088E8D7 /* Resources */ = {
			isa = PBXResourcesBuildPhase;
			buildActionMask = 2147483647;
			files = (
			);
			runOnlyForDeploymentPostprocessing = 0;
		};
		46026D1F1EAD9D170088E8D7 /* Resources */ = {
			isa = PBXResourcesBuildPhase;
			buildActionMask = 2147483647;
			files = (
			);
			runOnlyForDeploymentPostprocessing = 0;
		};
/* End PBXResourcesBuildPhase section */

/* Begin PBXSourcesBuildPhase section */
		46026CF61EAD9D170088E8D7 /* Sources */ = {
			isa = PBXSourcesBuildPhase;
			buildActionMask = 2147483647;
			files = (
				46026F821EAEFC560088E8D7 /* ViewController.m in Sources */,
				46026D3A1EADCE130088E8D7 /* WIWebViewController.m in Sources */,
				46026F551EAEEA1C0088E8D7 /* WebViewJavascriptBridgeBase.m in Sources */,
				46026FB91EAF370F0088E8D7 /* BabySpeaker.m in Sources */,
				46026F731EAEEA3B0088E8D7 /* MASCompositeConstraint.m in Sources */,
				46026F531EAEEA1C0088E8D7 /* WebViewJavascriptBridge.m in Sources */,
				46026F811EAEFC560088E8D7 /* AppDelegate.m in Sources */,
				46026FB61EAF370F0088E8D7 /* BabyOptions.m in Sources */,
				46026F781EAEEA3B0088E8D7 /* MASViewConstraint.m in Sources */,
				46026F561EAEEA1C0088E8D7 /* WKWebViewJavascriptBridge.m in Sources */,
				46026FBA1EAF370F0088E8D7 /* BabyToy.m in Sources */,
				46026F7B1EAEEA3B0088E8D7 /* View+MASAdditions.m in Sources */,
				46026FB41EAF370F0088E8D7 /* BabyCentralManager.m in Sources */,
				46026F7A1EAEEA3B0088E8D7 /* NSLayoutConstraint+MASDebugAdditions.m in Sources */,
				46026FB21EAF370F0088E8D7 /* BabyBluetooth.m in Sources */,
				46026F761EAEEA3B0088E8D7 /* MASLayoutConstraint.m in Sources */,
				46026F7C1EAEEA3B0088E8D7 /* ViewController+MASAdditions.m in Sources */,
				46026F751EAEEA3B0088E8D7 /* MASConstraintMaker.m in Sources */,
				46026CFF1EAD9D170088E8D7 /* main.m in Sources */,
				46026FB51EAF370F0088E8D7 /* BabyDefine.m in Sources */,
				46026D3F1EADD0870088E8D7 /* WIBleViewController.m in Sources */,
				46026F541EAEEA1C0088E8D7 /* WebViewJavascriptBridge_JS.m in Sources */,
				46026FB31EAF370F0088E8D7 /* BabyCallback.m in Sources */,
				46026D0B1EAD9D170088E8D7 /* WebIBC.xcdatamodeld in Sources */,
				46026FB71EAF370F0088E8D7 /* BabyPeripheralManager.m in Sources */,
				46026F791EAEEA3B0088E8D7 /* NSArray+MASAdditions.m in Sources */,
				46026F771EAEEA3B0088E8D7 /* MASViewAttribute.m in Sources */,
				46026FB81EAF370F0088E8D7 /* BabyRhythm.m in Sources */,
				46026D451EAEDC030088E8D7 /* WIHomeViewController.m in Sources */,
				46026F741EAEEA3B0088E8D7 /* MASConstraint.m in Sources */,
			);
			runOnlyForDeploymentPostprocessing = 0;
		};
		46026D121EAD9D170088E8D7 /* Sources */ = {
			isa = PBXSourcesBuildPhase;
			buildActionMask = 2147483647;
			files = (
				46026D1B1EAD9D170088E8D7 /* WebIBCTests.m in Sources */,
			);
			runOnlyForDeploymentPostprocessing = 0;
		};
		46026D1D1EAD9D170088E8D7 /* Sources */ = {
			isa = PBXSourcesBuildPhase;
			buildActionMask = 2147483647;
			files = (
				46026D261EAD9D170088E8D7 /* WebIBCUITests.m in Sources */,
			);
			runOnlyForDeploymentPostprocessing = 0;
		};
/* End PBXSourcesBuildPhase section */

/* Begin PBXTargetDependency section */
		46026D181EAD9D170088E8D7 /* PBXTargetDependency */ = {
			isa = PBXTargetDependency;
			target = 46026CF91EAD9D170088E8D7 /* WebIBC */;
			targetProxy = 46026D171EAD9D170088E8D7 /* PBXContainerItemProxy */;
		};
		46026D231EAD9D170088E8D7 /* PBXTargetDependency */ = {
			isa = PBXTargetDependency;
			target = 46026CF91EAD9D170088E8D7 /* WebIBC */;
			targetProxy = 46026D221EAD9D170088E8D7 /* PBXContainerItemProxy */;
		};
/* End PBXTargetDependency section */

/* Begin PBXVariantGroup section */
		46026D061EAD9D170088E8D7 /* Main.storyboard */ = {
			isa = PBXVariantGroup;
			children = (
				46026D071EAD9D170088E8D7 /* Base */,
			);
			name = Main.storyboard;
			sourceTree = "<group>";
		};
		46026D0E1EAD9D170088E8D7 /* LaunchScreen.storyboard */ = {
			isa = PBXVariantGroup;
			children = (
				46026D0F1EAD9D170088E8D7 /* Base */,
			);
			name = LaunchScreen.storyboard;
			sourceTree = "<group>";
		};
/* End PBXVariantGroup section */

/* Begin XCBuildConfiguration section */
		46026D281EAD9D170088E8D7 /* Debug */ = {
			isa = XCBuildConfiguration;
			buildSettings = {
				ALWAYS_SEARCH_USER_PATHS = NO;
				CLANG_ANALYZER_NONNULL = YES;
				CLANG_ANALYZER_NUMBER_OBJECT_CONVERSION = YES_AGGRESSIVE;
				CLANG_CXX_LANGUAGE_STANDARD = "gnu++0x";
				CLANG_CXX_LIBRARY = "libc++";
				CLANG_ENABLE_MODULES = YES;
				CLANG_ENABLE_OBJC_ARC = YES;
				CLANG_WARN_BOOL_CONVERSION = YES;
				CLANG_WARN_CONSTANT_CONVERSION = YES;
				CLANG_WARN_DIRECT_OBJC_ISA_USAGE = YES_ERROR;
				CLANG_WARN_DOCUMENTATION_COMMENTS = YES;
				CLANG_WARN_EMPTY_BODY = YES;
				CLANG_WARN_ENUM_CONVERSION = YES;
				CLANG_WARN_INFINITE_RECURSION = YES;
				CLANG_WARN_INT_CONVERSION = YES;
				CLANG_WARN_OBJC_ROOT_CLASS = YES_ERROR;
				CLANG_WARN_SUSPICIOUS_MOVE = YES;
				CLANG_WARN_UNREACHABLE_CODE = YES;
				CLANG_WARN__DUPLICATE_METHOD_MATCH = YES;
				"CODE_SIGN_IDENTITY[sdk=iphoneos*]" = "iPhone Developer";
				COPY_PHASE_STRIP = NO;
				DEBUG_INFORMATION_FORMAT = dwarf;
				ENABLE_STRICT_OBJC_MSGSEND = YES;
				ENABLE_TESTABILITY = YES;
				GCC_C_LANGUAGE_STANDARD = gnu99;
				GCC_DYNAMIC_NO_PIC = NO;
				GCC_NO_COMMON_BLOCKS = YES;
				GCC_OPTIMIZATION_LEVEL = 0;
				GCC_PREPROCESSOR_DEFINITIONS = (
					"DEBUG=1",
					"$(inherited)",
				);
				GCC_WARN_64_TO_32_BIT_CONVERSION = YES;
				GCC_WARN_ABOUT_RETURN_TYPE = YES_ERROR;
				GCC_WARN_UNDECLARED_SELECTOR = YES;
				GCC_WARN_UNINITIALIZED_AUTOS = YES_AGGRESSIVE;
				GCC_WARN_UNUSED_FUNCTION = YES;
				GCC_WARN_UNUSED_VARIABLE = YES;
				IPHONEOS_DEPLOYMENT_TARGET = 10.3;
				MTL_ENABLE_DEBUG_INFO = YES;
				ONLY_ACTIVE_ARCH = YES;
				SDKROOT = iphoneos;
			};
			name = Debug;
		};
		46026D291EAD9D170088E8D7 /* Release */ = {
			isa = XCBuildConfiguration;
			buildSettings = {
				ALWAYS_SEARCH_USER_PATHS = NO;
				CLANG_ANALYZER_NONNULL = YES;
				CLANG_ANALYZER_NUMBER_OBJECT_CONVERSION = YES_AGGRESSIVE;
				CLANG_CXX_LANGUAGE_STANDARD = "gnu++0x";
				CLANG_CXX_LIBRARY = "libc++";
				CLANG_ENABLE_MODULES = YES;
				CLANG_ENABLE_OBJC_ARC = YES;
				CLANG_WARN_BOOL_CONVERSION = YES;
				CLANG_WARN_CONSTANT_CONVERSION = YES;
				CLANG_WARN_DIRECT_OBJC_ISA_USAGE = YES_ERROR;
				CLANG_WARN_DOCUMENTATION_COMMENTS = YES;
				CLANG_WARN_EMPTY_BODY = YES;
				CLANG_WARN_ENUM_CONVERSION = YES;
				CLANG_WARN_INFINITE_RECURSION = YES;
				CLANG_WARN_INT_CONVERSION = YES;
				CLANG_WARN_OBJC_ROOT_CLASS = YES_ERROR;
				CLANG_WARN_SUSPICIOUS_MOVE = YES;
				CLANG_WARN_UNREACHABLE_CODE = YES;
				CLANG_WARN__DUPLICATE_METHOD_MATCH = YES;
				"CODE_SIGN_IDENTITY[sdk=iphoneos*]" = "iPhone Developer";
				COPY_PHASE_STRIP = NO;
				DEBUG_INFORMATION_FORMAT = "dwarf-with-dsym";
				ENABLE_NS_ASSERTIONS = NO;
				ENABLE_STRICT_OBJC_MSGSEND = YES;
				GCC_C_LANGUAGE_STANDARD = gnu99;
				GCC_NO_COMMON_BLOCKS = YES;
				GCC_WARN_64_TO_32_BIT_CONVERSION = YES;
				GCC_WARN_ABOUT_RETURN_TYPE = YES_ERROR;
				GCC_WARN_UNDECLARED_SELECTOR = YES;
				GCC_WARN_UNINITIALIZED_AUTOS = YES_AGGRESSIVE;
				GCC_WARN_UNUSED_FUNCTION = YES;
				GCC_WARN_UNUSED_VARIABLE = YES;
				IPHONEOS_DEPLOYMENT_TARGET = 10.3;
				MTL_ENABLE_DEBUG_INFO = NO;
				SDKROOT = iphoneos;
				VALIDATE_PRODUCT = YES;
			};
			name = Release;
		};
		46026D2B1EAD9D170088E8D7 /* Debug */ = {
			isa = XCBuildConfiguration;
			buildSettings = {
				ASSETCATALOG_COMPILER_APPICON_NAME = AppIcon;
				DEVELOPMENT_TEAM = WAY9P6XCG2;
				GCC_PRECOMPILE_PREFIX_HEADER = YES;
				GCC_PREFIX_HEADER = "${SRCROOT}/WebIBC/PrefixHeader.pch";
				INFOPLIST_FILE = WebIBC/Info.plist;
				IPHONEOS_DEPLOYMENT_TARGET = 8.0;
				LD_RUNPATH_SEARCH_PATHS = "$(inherited) @executable_path/Frameworks";
				PRODUCT_BUNDLE_IDENTIFIER = WEB.WebIBC;
				PRODUCT_NAME = "$(TARGET_NAME)";
			};
			name = Debug;
		};
		46026D2C1EAD9D170088E8D7 /* Release */ = {
			isa = XCBuildConfiguration;
			buildSettings = {
				ASSETCATALOG_COMPILER_APPICON_NAME = AppIcon;
				DEVELOPMENT_TEAM = WAY9P6XCG2;
				GCC_PRECOMPILE_PREFIX_HEADER = YES;
				GCC_PREFIX_HEADER = "${SRCROOT}/WebIBC/PrefixHeader.pch";
				INFOPLIST_FILE = WebIBC/Info.plist;
				IPHONEOS_DEPLOYMENT_TARGET = 8.0;
				LD_RUNPATH_SEARCH_PATHS = "$(inherited) @executable_path/Frameworks";
				PRODUCT_BUNDLE_IDENTIFIER = WEB.WebIBC;
				PRODUCT_NAME = "$(TARGET_NAME)";
			};
			name = Release;
		};
		46026D2E1EAD9D170088E8D7 /* Debug */ = {
			isa = XCBuildConfiguration;
			buildSettings = {
				BUNDLE_LOADER = "$(TEST_HOST)";
				INFOPLIST_FILE = WebIBCTests/Info.plist;
				LD_RUNPATH_SEARCH_PATHS = "$(inherited) @executable_path/Frameworks @loader_path/Frameworks";
				PRODUCT_BUNDLE_IDENTIFIER = WEB.WebIBCTests;
				PRODUCT_NAME = "$(TARGET_NAME)";
				TEST_HOST = "$(BUILT_PRODUCTS_DIR)/WebIBC.app/WebIBC";
			};
			name = Debug;
		};
		46026D2F1EAD9D170088E8D7 /* Release */ = {
			isa = XCBuildConfiguration;
			buildSettings = {
				BUNDLE_LOADER = "$(TEST_HOST)";
				INFOPLIST_FILE = WebIBCTests/Info.plist;
				LD_RUNPATH_SEARCH_PATHS = "$(inherited) @executable_path/Frameworks @loader_path/Frameworks";
				PRODUCT_BUNDLE_IDENTIFIER = WEB.WebIBCTests;
				PRODUCT_NAME = "$(TARGET_NAME)";
				TEST_HOST = "$(BUILT_PRODUCTS_DIR)/WebIBC.app/WebIBC";
			};
			name = Release;
		};
		46026D311EAD9D170088E8D7 /* Debug */ = {
			isa = XCBuildConfiguration;
			buildSettings = {
				INFOPLIST_FILE = WebIBCUITests/Info.plist;
				LD_RUNPATH_SEARCH_PATHS = "$(inherited) @executable_path/Frameworks @loader_path/Frameworks";
				PRODUCT_BUNDLE_IDENTIFIER = WEB.WebIBCUITests;
				PRODUCT_NAME = "$(TARGET_NAME)";
				TEST_TARGET_NAME = WebIBC;
			};
			name = Debug;
		};
		46026D321EAD9D170088E8D7 /* Release */ = {
			isa = XCBuildConfiguration;
			buildSettings = {
				INFOPLIST_FILE = WebIBCUITests/Info.plist;
				LD_RUNPATH_SEARCH_PATHS = "$(inherited) @executable_path/Frameworks @loader_path/Frameworks";
				PRODUCT_BUNDLE_IDENTIFIER = WEB.WebIBCUITests;
				PRODUCT_NAME = "$(TARGET_NAME)";
				TEST_TARGET_NAME = WebIBC;
			};
			name = Release;
		};
/* End XCBuildConfiguration section */

/* Begin XCConfigurationList section */
		46026CF51EAD9D170088E8D7 /* Build configuration list for PBXProject "WebIBC" */ = {
			isa = XCConfigurationList;
			buildConfigurations = (
				46026D281EAD9D170088E8D7 /* Debug */,
				46026D291EAD9D170088E8D7 /* Release */,
			);
			defaultConfigurationIsVisible = 0;
			defaultConfigurationName = Release;
		};
		46026D2A1EAD9D170088E8D7 /* Build configuration list for PBXNativeTarget "WebIBC" */ = {
			isa = XCConfigurationList;
			buildConfigurations = (
				46026D2B1EAD9D170088E8D7 /* Debug */,
				46026D2C1EAD9D170088E8D7 /* Release */,
			);
			defaultConfigurationIsVisible = 0;
			defaultConfigurationName = Release;
		};
		46026D2D1EAD9D170088E8D7 /* Build configuration list for PBXNativeTarget "WebIBCTests" */ = {
			isa = XCConfigurationList;
			buildConfigurations = (
				46026D2E1EAD9D170088E8D7 /* Debug */,
				46026D2F1EAD9D170088E8D7 /* Release */,
			);
			defaultConfigurationIsVisible = 0;
			defaultConfigurationName = Release;
		};
		46026D301EAD9D170088E8D7 /* Build configuration list for PBXNativeTarget "WebIBCUITests" */ = {
			isa = XCConfigurationList;
			buildConfigurations = (
				46026D311EAD9D170088E8D7 /* Debug */,
				46026D321EAD9D170088E8D7 /* Release */,
			);
			defaultConfigurationIsVisible = 0;
			defaultConfigurationName = Release;
		};
/* End XCConfigurationList section */

/* Begin XCVersionGroup section */
		46026D091EAD9D170088E8D7 /* WebIBC.xcdatamodeld */ = {
			isa = XCVersionGroup;
			children = (
				46026D0A1EAD9D170088E8D7 /* WebIBC.xcdatamodel */,
			);
			currentVersion = 46026D0A1EAD9D170088E8D7 /* WebIBC.xcdatamodel */;
			path = WebIBC.xcdatamodeld;
			sourceTree = "<group>";
			versionGroupType = wrapper.xcdatamodel;
		};
/* End XCVersionGroup section */
	};
	rootObject = 46026CF21EAD9D170088E8D7 /* Project object */;
}
